PODS:
  - Alamofire (4.7.2)
  - AlamofireObjectMapper (5.0.0):
    - Alamofire (~> 4.1)
    - ObjectMapper (~> 3.0)
  - KeychainSwift (11.0.0)
  - ObjectMapper (3.1.0)
  - Starscream (3.0.5)
  - SwiftWebSocket (2.7.0)
  - SwiftyJSON (4.1.0)

DEPENDENCIES:
  - Alamofire
  - AlamofireObjectMapper
  - KeychainSwift
  - ObjectMapper
  - Starscream
  - SwiftWebSocket
  - SwiftyJSON

SPEC REPOS:
  https://github.com/CocoaPods/Specs.git:
    - Alamofire
    - AlamofireObjectMapper
    - KeychainSwift
    - ObjectMapper
    - Starscream
    - SwiftWebSocket
    - SwiftyJSON

SPEC CHECKSUMS:
  Alamofire: e4fa87002c137ba2d8d634d2c51fabcda0d5c223
  AlamofireObjectMapper: 5fafc816351cbbc0d486611aaeba7461c0cbad49
  KeychainSwift: bea6bd9f98af7b8d7ca4aa79fe105c00fab532db
  ObjectMapper: 20505058f54e5c3ca69e1d6de9897d152a5369a6
  Starscream: faf918b2f2eff7d5dd21180646bf015a669673bd
  SwiftWebSocket: 612c9729fd503cb6b0b8b45390c788686dac306f
  SwiftyJSON: c29297daf073d2aa016295d5809cdd68045c39b3

PODFILE CHECKSUM: 9114b923e0b9cba49e6dc1338cb7649f47d95956

COCOAPODS: 1.5.0
