// !$*UTF8*$!
{
	archiveVersion = 1;
	classes = {
	};
	objectVersion = 48;
	objects = {

/* Begin PBXBuildFile section */
		3F0C5CFC2080136000D030F4 /* Config.plist in Resources */ = {isa = PBXBuildFile; fileRef = 3F0C5CFB2080136000D030F4 /* Config.plist */; };
		3F270606208A65AE00B37FB0 /* Question.swift in Sources */ = {isa = PBXBuildFile; fileRef = 3F270605208A65AE00B37FB0 /* Question.swift */; };
		3F43614E209A46C500FB055F /* DiscordTriviaTest.swift in Sources */ = {isa = PBXBuildFile; fileRef = 3F43614D209A46C500FB055F /* DiscordTriviaTest.swift */; };
		3F436151209A733600FB055F /* ViewController.swift in Sources */ = {isa = PBXBuildFile; fileRef = F8FB7152203B5304004F7787 /* ViewController.swift */; };
		3F436152209A734C00FB055F /* Question.swift in Sources */ = {isa = PBXBuildFile; fileRef = 3F270605208A65AE00B37FB0 /* Question.swift */; };
		3F4400FC209B8CD400A73938 /* DiscordShow.swift in Sources */ = {isa = PBXBuildFile; fileRef = 3F4400FB209B8CD400A73938 /* DiscordShow.swift */; };
		3F512831208236E400B79B1C /* Config-default.plist in Resources */ = {isa = PBXBuildFile; fileRef = 3F512830208236E400B79B1C /* Config-default.plist */; };
		3F517941208A24DC0025AF9F /* AnswerControllerTest.swift in Sources */ = {isa = PBXBuildFile; fileRef = 3F517940208A24DC0025AF9F /* AnswerControllerTest.swift */; };
		3F517948208A25B00025AF9F /* AnswerController.swift in Sources */ = {isa = PBXBuildFile; fileRef = F8BDF5F12040ED9F00AE830A /* AnswerController.swift */; };
		3F517949208A25B50025AF9F /* Google.swift in Sources */ = {isa = PBXBuildFile; fileRef = F8BDF5EF2040ED8100AE830A /* Google.swift */; };
		3F51794A208A25B90025AF9F /* QuestionType.swift in Sources */ = {isa = PBXBuildFile; fileRef = F8BDF5F72040EE6700AE830A /* QuestionType.swift */; };
		3F51794B208A25BC0025AF9F /* SiteEncoding.swift in Sources */ = {isa = PBXBuildFile; fileRef = F8BDF5F92040EE8B00AE830A /* SiteEncoding.swift */; };
		3F51794C208A25C20025AF9F /* Extensions.swift in Sources */ = {isa = PBXBuildFile; fileRef = F8BDF5F52040EE0500AE830A /* Extensions.swift */; };
		3F51794D208A25C90025AF9F /* AppDelegate.swift in Sources */ = {isa = PBXBuildFile; fileRef = F8FB7150203B5304004F7787 /* AppDelegate.swift */; };
		3F67034D2090C9F4002B1863 /* Discord.swift in Sources */ = {isa = PBXBuildFile; fileRef = 3F6703322090C9F4002B1863 /* Discord.swift */; };
		3F67034E2090C9F4002B1863 /* Discord.swift in Sources */ = {isa = PBXBuildFile; fileRef = 3F6703322090C9F4002B1863 /* Discord.swift */; };
		3F67034F2090C9F4002B1863 /* MessageModel.swift in Sources */ = {isa = PBXBuildFile; fileRef = 3F6703352090C9F4002B1863 /* MessageModel.swift */; };
		3F6703502090C9F4002B1863 /* MessageModel.swift in Sources */ = {isa = PBXBuildFile; fileRef = 3F6703352090C9F4002B1863 /* MessageModel.swift */; };
		3F6703512090C9F4002B1863 /* EmbedsModel.swift in Sources */ = {isa = PBXBuildFile; fileRef = 3F6703362090C9F4002B1863 /* EmbedsModel.swift */; };
		3F6703522090C9F4002B1863 /* EmbedsModel.swift in Sources */ = {isa = PBXBuildFile; fileRef = 3F6703362090C9F4002B1863 /* EmbedsModel.swift */; };
		3F6703532090C9F4002B1863 /* AttachmentModel.swift in Sources */ = {isa = PBXBuildFile; fileRef = 3F6703372090C9F4002B1863 /* AttachmentModel.swift */; };
		3F6703542090C9F4002B1863 /* AttachmentModel.swift in Sources */ = {isa = PBXBuildFile; fileRef = 3F6703372090C9F4002B1863 /* AttachmentModel.swift */; };
		3F6703552090C9F4002B1863 /* SendMessageRequest.swift in Sources */ = {isa = PBXBuildFile; fileRef = 3F6703382090C9F4002B1863 /* SendMessageRequest.swift */; };
		3F6703562090C9F4002B1863 /* SendMessageRequest.swift in Sources */ = {isa = PBXBuildFile; fileRef = 3F6703382090C9F4002B1863 /* SendMessageRequest.swift */; };
		3F6703572090C9F4002B1863 /* ChannelModel.swift in Sources */ = {isa = PBXBuildFile; fileRef = 3F67033A2090C9F4002B1863 /* ChannelModel.swift */; };
		3F6703582090C9F4002B1863 /* ChannelModel.swift in Sources */ = {isa = PBXBuildFile; fileRef = 3F67033A2090C9F4002B1863 /* ChannelModel.swift */; };
		3F6703592090C9F4002B1863 /* WebsocketHeartbeatModel.swift in Sources */ = {isa = PBXBuildFile; fileRef = 3F67033D2090C9F4002B1863 /* WebsocketHeartbeatModel.swift */; };
		3F67035A2090C9F4002B1863 /* WebsocketHeartbeatModel.swift in Sources */ = {isa = PBXBuildFile; fileRef = 3F67033D2090C9F4002B1863 /* WebsocketHeartbeatModel.swift */; };
		3F67035B2090C9F4002B1863 /* WebsocketHelloMessageModel.swift in Sources */ = {isa = PBXBuildFile; fileRef = 3F67033E2090C9F4002B1863 /* WebsocketHelloMessageModel.swift */; };
		3F67035C2090C9F4002B1863 /* WebsocketHelloMessageModel.swift in Sources */ = {isa = PBXBuildFile; fileRef = 3F67033E2090C9F4002B1863 /* WebsocketHelloMessageModel.swift */; };
		3F67035D2090C9F4002B1863 /* GatewayUrlRequest.swift in Sources */ = {isa = PBXBuildFile; fileRef = 3F67033F2090C9F4002B1863 /* GatewayUrlRequest.swift */; };
		3F67035E2090C9F4002B1863 /* GatewayUrlRequest.swift in Sources */ = {isa = PBXBuildFile; fileRef = 3F67033F2090C9F4002B1863 /* GatewayUrlRequest.swift */; };
		3F67035F2090C9F4002B1863 /* GatewayUrlResponseModel.swift in Sources */ = {isa = PBXBuildFile; fileRef = 3F6703402090C9F4002B1863 /* GatewayUrlResponseModel.swift */; };
		3F6703602090C9F4002B1863 /* GatewayUrlResponseModel.swift in Sources */ = {isa = PBXBuildFile; fileRef = 3F6703402090C9F4002B1863 /* GatewayUrlResponseModel.swift */; };
		3F6703612090C9F4002B1863 /* WebsocketReadyMessageModel.swift in Sources */ = {isa = PBXBuildFile; fileRef = 3F6703412090C9F4002B1863 /* WebsocketReadyMessageModel.swift */; };
		3F6703622090C9F4002B1863 /* WebsocketReadyMessageModel.swift in Sources */ = {isa = PBXBuildFile; fileRef = 3F6703412090C9F4002B1863 /* WebsocketReadyMessageModel.swift */; };
		3F6703632090C9F4002B1863 /* WebsocketMessageModel.swift in Sources */ = {isa = PBXBuildFile; fileRef = 3F6703422090C9F4002B1863 /* WebsocketMessageModel.swift */; };
		3F6703642090C9F4002B1863 /* WebsocketMessageModel.swift in Sources */ = {isa = PBXBuildFile; fileRef = 3F6703422090C9F4002B1863 /* WebsocketMessageModel.swift */; };
		3F6703652090C9F4002B1863 /* WebsocketAPIManager.swift in Sources */ = {isa = PBXBuildFile; fileRef = 3F6703432090C9F4002B1863 /* WebsocketAPIManager.swift */; };
		3F6703662090C9F4002B1863 /* WebsocketAPIManager.swift in Sources */ = {isa = PBXBuildFile; fileRef = 3F6703432090C9F4002B1863 /* WebsocketAPIManager.swift */; };
		3F6703672090C9F4002B1863 /* PrivateChannelRequest.swift in Sources */ = {isa = PBXBuildFile; fileRef = 3F6703452090C9F4002B1863 /* PrivateChannelRequest.swift */; };
		3F6703682090C9F4002B1863 /* PrivateChannelRequest.swift in Sources */ = {isa = PBXBuildFile; fileRef = 3F6703452090C9F4002B1863 /* PrivateChannelRequest.swift */; };
		3F6703692090C9F4002B1863 /* UserModel.swift in Sources */ = {isa = PBXBuildFile; fileRef = 3F6703462090C9F4002B1863 /* UserModel.swift */; };
		3F67036A2090C9F4002B1863 /* UserModel.swift in Sources */ = {isa = PBXBuildFile; fileRef = 3F6703462090C9F4002B1863 /* UserModel.swift */; };
		3F67036B2090C9F4002B1863 /* Logger.swift in Sources */ = {isa = PBXBuildFile; fileRef = 3F6703482090C9F4002B1863 /* Logger.swift */; };
		3F67036C2090C9F4002B1863 /* Logger.swift in Sources */ = {isa = PBXBuildFile; fileRef = 3F6703482090C9F4002B1863 /* Logger.swift */; };
		3F67036D2090C9F4002B1863 /* Registry.swift in Sources */ = {isa = PBXBuildFile; fileRef = 3F6703492090C9F4002B1863 /* Registry.swift */; };
		3F67036E2090C9F4002B1863 /* Registry.swift in Sources */ = {isa = PBXBuildFile; fileRef = 3F6703492090C9F4002B1863 /* Registry.swift */; };
		3F67036F2090C9F4002B1863 /* NSData+GZIP.swift in Sources */ = {isa = PBXBuildFile; fileRef = 3F67034A2090C9F4002B1863 /* NSData+GZIP.swift */; };
		3F6703702090C9F4002B1863 /* NSData+GZIP.swift in Sources */ = {isa = PBXBuildFile; fileRef = 3F67034A2090C9F4002B1863 /* NSData+GZIP.swift */; };
		3F6703712090C9F4002B1863 /* MappableBase.swift in Sources */ = {isa = PBXBuildFile; fileRef = 3F67034B2090C9F4002B1863 /* MappableBase.swift */; };
		3F6703722090C9F4002B1863 /* MappableBase.swift in Sources */ = {isa = PBXBuildFile; fileRef = 3F67034B2090C9F4002B1863 /* MappableBase.swift */; };
		3F6703732090C9F4002B1863 /* URLEndpoints.swift in Sources */ = {isa = PBXBuildFile; fileRef = 3F67034C2090C9F4002B1863 /* URLEndpoints.swift */; };
		3F6703742090C9F4002B1863 /* URLEndpoints.swift in Sources */ = {isa = PBXBuildFile; fileRef = 3F67034C2090C9F4002B1863 /* URLEndpoints.swift */; };
		3F8936A52093D0D5008C8719 /* DiscordTrivia.swift in Sources */ = {isa = PBXBuildFile; fileRef = 3F8936A42093D0D5008C8719 /* DiscordTrivia.swift */; };
		3F8936A62093D0D5008C8719 /* DiscordTrivia.swift in Sources */ = {isa = PBXBuildFile; fileRef = 3F8936A42093D0D5008C8719 /* DiscordTrivia.swift */; };
		3FD53031209FAF4F006BEF57 /* ChooseShowVC.swift in Sources */ = {isa = PBXBuildFile; fileRef = 3FD53030209FAF4F006BEF57 /* ChooseShowVC.swift */; };
		3FE9730C208E8629000E1FF2 /* Answer.swift in Sources */ = {isa = PBXBuildFile; fileRef = 3FE9730B208E8629000E1FF2 /* Answer.swift */; };
		3FE9730D208E8629000E1FF2 /* Answer.swift in Sources */ = {isa = PBXBuildFile; fileRef = 3FE9730B208E8629000E1FF2 /* Answer.swift */; };
		3FE9730E208EBF86000E1FF2 /* questions.json in Resources */ = {isa = PBXBuildFile; fileRef = 3F36C76F208A3321002A7D5C /* questions.json */; };
		3FE9730F208EBF88000E1FF2 /* questions.json in Resources */ = {isa = PBXBuildFile; fileRef = 3F36C76F208A3321002A7D5C /* questions.json */; };
		961DC0763B9F61D0BD0944EE /* Pods_Trivia_SwiftTests.framework in Frameworks */ = {isa = PBXBuildFile; fileRef = EF52B0205F599491E5FF6047 /* Pods_Trivia_SwiftTests.framework */; };
		A136BCA7E651AF5877F6D0DA /* Pods_Trivia_Swift.framework in Frameworks */ = {isa = PBXBuildFile; fileRef = 2BEA167DC77062C05E4BE85A /* Pods_Trivia_Swift.framework */; };
		F86D1F75203BB5CE00D01A65 /* WindowController.swift in Sources */ = {isa = PBXBuildFile; fileRef = F86D1F74203BB5CE00D01A65 /* WindowController.swift */; };
		F8BDF5F02040ED8100AE830A /* Google.swift in Sources */ = {isa = PBXBuildFile; fileRef = F8BDF5EF2040ED8100AE830A /* Google.swift */; };
		F8BDF5F22040ED9F00AE830A /* AnswerController.swift in Sources */ = {isa = PBXBuildFile; fileRef = F8BDF5F12040ED9F00AE830A /* AnswerController.swift */; };
		F8BDF5F62040EE0500AE830A /* Extensions.swift in Sources */ = {isa = PBXBuildFile; fileRef = F8BDF5F52040EE0500AE830A /* Extensions.swift */; };
		F8BDF5F82040EE6700AE830A /* QuestionType.swift in Sources */ = {isa = PBXBuildFile; fileRef = F8BDF5F72040EE6700AE830A /* QuestionType.swift */; };
		F8BDF5FA2040EE8B00AE830A /* SiteEncoding.swift in Sources */ = {isa = PBXBuildFile; fileRef = F8BDF5F92040EE8B00AE830A /* SiteEncoding.swift */; };
		F8FB7151203B5304004F7787 /* AppDelegate.swift in Sources */ = {isa = PBXBuildFile; fileRef = F8FB7150203B5304004F7787 /* AppDelegate.swift */; };
		F8FB7153203B5304004F7787 /* ViewController.swift in Sources */ = {isa = PBXBuildFile; fileRef = F8FB7152203B5304004F7787 /* ViewController.swift */; };
		F8FB7155203B5304004F7787 /* Assets.xcassets in Resources */ = {isa = PBXBuildFile; fileRef = F8FB7154203B5304004F7787 /* Assets.xcassets */; };
		F8FB7158203B5304004F7787 /* Main.storyboard in Resources */ = {isa = PBXBuildFile; fileRef = F8FB7156203B5304004F7787 /* Main.storyboard */; };
		F8FB7169203B54BF004F7787 /* CircularStd-Bold.otf in Resources */ = {isa = PBXBuildFile; fileRef = F8FB7161203B54BE004F7787 /* CircularStd-Bold.otf */; };
		F8FB716A203B54BF004F7787 /* CircularStd-BookItalic.otf in Resources */ = {isa = PBXBuildFile; fileRef = F8FB7162203B54BE004F7787 /* CircularStd-BookItalic.otf */; };
		F8FB716B203B54BF004F7787 /* CircularStd-BoldItalic.otf in Resources */ = {isa = PBXBuildFile; fileRef = F8FB7163203B54BE004F7787 /* CircularStd-BoldItalic.otf */; };
		F8FB716C203B54BF004F7787 /* CircularStd-MediumItalic.otf in Resources */ = {isa = PBXBuildFile; fileRef = F8FB7164203B54BE004F7787 /* CircularStd-MediumItalic.otf */; };
		F8FB716D203B54BF004F7787 /* CircularStd-Book.otf in Resources */ = {isa = PBXBuildFile; fileRef = F8FB7165203B54BF004F7787 /* CircularStd-Book.otf */; };
		F8FB716E203B54BF004F7787 /* CircularStd-Medium.otf in Resources */ = {isa = PBXBuildFile; fileRef = F8FB7166203B54BF004F7787 /* CircularStd-Medium.otf */; };
		F8FB716F203B54BF004F7787 /* CircularStd-Black.otf in Resources */ = {isa = PBXBuildFile; fileRef = F8FB7167203B54BF004F7787 /* CircularStd-Black.otf */; };
		F8FB7170203B54BF004F7787 /* CircularStd-BlackItalic.otf in Resources */ = {isa = PBXBuildFile; fileRef = F8FB7168203B54BF004F7787 /* CircularStd-BlackItalic.otf */; };
/* End PBXBuildFile section */

/* Begin PBXContainerItemProxy section */
		3F517943208A24DC0025AF9F /* PBXContainerItemProxy */ = {
			isa = PBXContainerItemProxy;
			containerPortal = F8FB7145203B5304004F7787 /* Project object */;
			proxyType = 1;
			remoteGlobalIDString = F8FB714C203B5304004F7787;
			remoteInfo = HackQ;
		};
/* End PBXContainerItemProxy section */

/* Begin PBXFileReference section */
		0DF8EE387063CBD65B76528D /* Pods-HackQ.debug.xcconfig */ = {isa = PBXFileReference; includeInIndex = 1; lastKnownFileType = text.xcconfig; name = "Pods-HackQ.debug.xcconfig"; path = "Pods/Target Support Files/Pods-HackQ/Pods-HackQ.debug.xcconfig"; sourceTree = "<group>"; };
		2973B0ADE6F4BA1511AF3E41 /* Pods-Trivia Swift.release.xcconfig */ = {isa = PBXFileReference; includeInIndex = 1; lastKnownFileType = text.xcconfig; name = "Pods-Trivia Swift.release.xcconfig"; path = "Pods/Target Support Files/Pods-Trivia Swift/Pods-Trivia Swift.release.xcconfig"; sourceTree = "<group>"; };
		2BEA167DC77062C05E4BE85A /* Pods_Trivia_Swift.framework */ = {isa = PBXFileReference; explicitFileType = wrapper.framework; includeInIndex = 0; path = Pods_Trivia_Swift.framework; sourceTree = BUILT_PRODUCTS_DIR; };
		3F0C5CFB2080136000D030F4 /* Config.plist */ = {isa = PBXFileReference; lastKnownFileType = text.plist.xml; path = Config.plist; sourceTree = "<group>"; };
		3F270605208A65AE00B37FB0 /* Question.swift */ = {isa = PBXFileReference; lastKnownFileType = sourcecode.swift; path = Question.swift; sourceTree = "<group>"; };
		3F36C76F208A3321002A7D5C /* questions.json */ = {isa = PBXFileReference; fileEncoding = 4; lastKnownFileType = text.json; path = questions.json; sourceTree = "<group>"; };
		3F43614D209A46C500FB055F /* DiscordTriviaTest.swift */ = {isa = PBXFileReference; lastKnownFileType = sourcecode.swift; path = DiscordTriviaTest.swift; sourceTree = "<group>"; };
		3F43614F209A693500FB055F /* SwiftyJSON.framework */ = {isa = PBXFileReference; explicitFileType = wrapper.framework; path = SwiftyJSON.framework; sourceTree = BUILT_PRODUCTS_DIR; };
		3F4400FB209B8CD400A73938 /* DiscordShow.swift */ = {isa = PBXFileReference; lastKnownFileType = sourcecode.swift; path = DiscordShow.swift; sourceTree = "<group>"; };
		3F512830208236E400B79B1C /* Config-default.plist */ = {isa = PBXFileReference; fileEncoding = 4; lastKnownFileType = text.plist.xml; path = "Config-default.plist"; sourceTree = "<group>"; };
		3F51793E208A24DC0025AF9F /* Trivia SwiftTests.xctest */ = {isa = PBXFileReference; explicitFileType = wrapper.cfbundle; includeInIndex = 0; path = "Trivia SwiftTests.xctest"; sourceTree = BUILT_PRODUCTS_DIR; };
		3F517940208A24DC0025AF9F /* AnswerControllerTest.swift */ = {isa = PBXFileReference; lastKnownFileType = sourcecode.swift; path = AnswerControllerTest.swift; sourceTree = "<group>"; };
		3F517942208A24DC0025AF9F /* Info.plist */ = {isa = PBXFileReference; lastKnownFileType = text.plist.xml; path = Info.plist; sourceTree = "<group>"; };
		3F6703322090C9F4002B1863 /* Discord.swift */ = {isa = PBXFileReference; fileEncoding = 4; lastKnownFileType = sourcecode.swift; path = Discord.swift; sourceTree = "<group>"; };
		3F6703352090C9F4002B1863 /* MessageModel.swift */ = {isa = PBXFileReference; fileEncoding = 4; lastKnownFileType = sourcecode.swift; path = MessageModel.swift; sourceTree = "<group>"; };
		3F6703362090C9F4002B1863 /* EmbedsModel.swift */ = {isa = PBXFileReference; fileEncoding = 4; lastKnownFileType = sourcecode.swift; path = EmbedsModel.swift; sourceTree = "<group>"; };
		3F6703372090C9F4002B1863 /* AttachmentModel.swift */ = {isa = PBXFileReference; fileEncoding = 4; lastKnownFileType = sourcecode.swift; path = AttachmentModel.swift; sourceTree = "<group>"; };
		3F6703382090C9F4002B1863 /* SendMessageRequest.swift */ = {isa = PBXFileReference; fileEncoding = 4; lastKnownFileType = sourcecode.swift; path = SendMessageRequest.swift; sourceTree = "<group>"; };
		3F67033A2090C9F4002B1863 /* ChannelModel.swift */ = {isa = PBXFileReference; fileEncoding = 4; lastKnownFileType = sourcecode.swift; path = ChannelModel.swift; sourceTree = "<group>"; };
		3F67033D2090C9F4002B1863 /* WebsocketHeartbeatModel.swift */ = {isa = PBXFileReference; fileEncoding = 4; lastKnownFileType = sourcecode.swift; path = WebsocketHeartbeatModel.swift; sourceTree = "<group>"; };
		3F67033E2090C9F4002B1863 /* WebsocketHelloMessageModel.swift */ = {isa = PBXFileReference; fileEncoding = 4; lastKnownFileType = sourcecode.swift; path = WebsocketHelloMessageModel.swift; sourceTree = "<group>"; };
		3F67033F2090C9F4002B1863 /* GatewayUrlRequest.swift */ = {isa = PBXFileReference; fileEncoding = 4; lastKnownFileType = sourcecode.swift; path = GatewayUrlRequest.swift; sourceTree = "<group>"; };
		3F6703402090C9F4002B1863 /* GatewayUrlResponseModel.swift */ = {isa = PBXFileReference; fileEncoding = 4; lastKnownFileType = sourcecode.swift; path = GatewayUrlResponseModel.swift; sourceTree = "<group>"; };
		3F6703412090C9F4002B1863 /* WebsocketReadyMessageModel.swift */ = {isa = PBXFileReference; fileEncoding = 4; lastKnownFileType = sourcecode.swift; path = WebsocketReadyMessageModel.swift; sourceTree = "<group>"; };
		3F6703422090C9F4002B1863 /* WebsocketMessageModel.swift */ = {isa = PBXFileReference; fileEncoding = 4; lastKnownFileType = sourcecode.swift; path = WebsocketMessageModel.swift; sourceTree = "<group>"; };
		3F6703432090C9F4002B1863 /* WebsocketAPIManager.swift */ = {isa = PBXFileReference; fileEncoding = 4; lastKnownFileType = sourcecode.swift; path = WebsocketAPIManager.swift; sourceTree = "<group>"; };
		3F6703452090C9F4002B1863 /* PrivateChannelRequest.swift */ = {isa = PBXFileReference; fileEncoding = 4; lastKnownFileType = sourcecode.swift; path = PrivateChannelRequest.swift; sourceTree = "<group>"; };
		3F6703462090C9F4002B1863 /* UserModel.swift */ = {isa = PBXFileReference; fileEncoding = 4; lastKnownFileType = sourcecode.swift; path = UserModel.swift; sourceTree = "<group>"; };
		3F6703482090C9F4002B1863 /* Logger.swift */ = {isa = PBXFileReference; fileEncoding = 4; lastKnownFileType = sourcecode.swift; path = Logger.swift; sourceTree = "<group>"; };
		3F6703492090C9F4002B1863 /* Registry.swift */ = {isa = PBXFileReference; fileEncoding = 4; lastKnownFileType = sourcecode.swift; path = Registry.swift; sourceTree = "<group>"; };
		3F67034A2090C9F4002B1863 /* NSData+GZIP.swift */ = {isa = PBXFileReference; fileEncoding = 4; lastKnownFileType = sourcecode.swift; path = "NSData+GZIP.swift"; sourceTree = "<group>"; };
		3F67034B2090C9F4002B1863 /* MappableBase.swift */ = {isa = PBXFileReference; fileEncoding = 4; lastKnownFileType = sourcecode.swift; path = MappableBase.swift; sourceTree = "<group>"; };
		3F67034C2090C9F4002B1863 /* URLEndpoints.swift */ = {isa = PBXFileReference; fileEncoding = 4; lastKnownFileType = sourcecode.swift; path = URLEndpoints.swift; sourceTree = "<group>"; };
		3F8936A42093D0D5008C8719 /* DiscordTrivia.swift */ = {isa = PBXFileReference; fileEncoding = 4; lastKnownFileType = sourcecode.swift; path = DiscordTrivia.swift; sourceTree = "<group>"; };
		3FD53030209FAF4F006BEF57 /* ChooseShowVC.swift */ = {isa = PBXFileReference; lastKnownFileType = sourcecode.swift; path = ChooseShowVC.swift; sourceTree = "<group>"; };
		3FE9730B208E8629000E1FF2 /* Answer.swift */ = {isa = PBXFileReference; lastKnownFileType = sourcecode.swift; path = Answer.swift; sourceTree = "<group>"; };
		4DD5D30D910F2EBBDEF5F2E1 /* Pods-Trivia SwiftTests.debug.xcconfig */ = {isa = PBXFileReference; includeInIndex = 1; lastKnownFileType = text.xcconfig; name = "Pods-Trivia SwiftTests.debug.xcconfig"; path = "Pods/Target Support Files/Pods-Trivia SwiftTests/Pods-Trivia SwiftTests.debug.xcconfig"; sourceTree = "<group>"; };
		53960ACAC39EEF9115820CAA /* Pods-Trivia Swift.debug.xcconfig */ = {isa = PBXFileReference; includeInIndex = 1; lastKnownFileType = text.xcconfig; name = "Pods-Trivia Swift.debug.xcconfig"; path = "Pods/Target Support Files/Pods-Trivia Swift/Pods-Trivia Swift.debug.xcconfig"; sourceTree = "<group>"; };
		77B6598654532BE3D99F6886 /* Pods-Trivia SwiftTests.release.xcconfig */ = {isa = PBXFileReference; includeInIndex = 1; lastKnownFileType = text.xcconfig; name = "Pods-Trivia SwiftTests.release.xcconfig"; path = "Pods/Target Support Files/Pods-Trivia SwiftTests/Pods-Trivia SwiftTests.release.xcconfig"; sourceTree = "<group>"; };
		9036D334BDDF2E542F97DD70 /* Pods-HackQTests.release.xcconfig */ = {isa = PBXFileReference; includeInIndex = 1; lastKnownFileType = text.xcconfig; name = "Pods-HackQTests.release.xcconfig"; path = "Pods/Target Support Files/Pods-HackQTests/Pods-HackQTests.release.xcconfig"; sourceTree = "<group>"; };
		B351C3B0B1D0B8940AE299FA /* Pods-HackQTests.debug.xcconfig */ = {isa = PBXFileReference; includeInIndex = 1; lastKnownFileType = text.xcconfig; name = "Pods-HackQTests.debug.xcconfig"; path = "Pods/Target Support Files/Pods-HackQTests/Pods-HackQTests.debug.xcconfig"; sourceTree = "<group>"; };
		D7764F5B2C717ABF05877B41 /* Pods_HackQ.framework */ = {isa = PBXFileReference; explicitFileType = wrapper.framework; includeInIndex = 0; path = Pods_HackQ.framework; sourceTree = BUILT_PRODUCTS_DIR; };
		DE4348DCD222C5732227FC38 /* Pods_HackQTests.framework */ = {isa = PBXFileReference; explicitFileType = wrapper.framework; includeInIndex = 0; path = Pods_HackQTests.framework; sourceTree = BUILT_PRODUCTS_DIR; };
		EF52B0205F599491E5FF6047 /* Pods_Trivia_SwiftTests.framework */ = {isa = PBXFileReference; explicitFileType = wrapper.framework; includeInIndex = 0; path = Pods_Trivia_SwiftTests.framework; sourceTree = BUILT_PRODUCTS_DIR; };
		F396D168149D3C696E359D36 /* Pods-HackQ.release.xcconfig */ = {isa = PBXFileReference; includeInIndex = 1; lastKnownFileType = text.xcconfig; name = "Pods-HackQ.release.xcconfig"; path = "Pods/Target Support Files/Pods-HackQ/Pods-HackQ.release.xcconfig"; sourceTree = "<group>"; };
		F86D1F74203BB5CE00D01A65 /* WindowController.swift */ = {isa = PBXFileReference; lastKnownFileType = sourcecode.swift; path = WindowController.swift; sourceTree = "<group>"; };
		F8BDF5EF2040ED8100AE830A /* Google.swift */ = {isa = PBXFileReference; lastKnownFileType = sourcecode.swift; path = Google.swift; sourceTree = "<group>"; };
		F8BDF5F12040ED9F00AE830A /* AnswerController.swift */ = {isa = PBXFileReference; lastKnownFileType = sourcecode.swift; path = AnswerController.swift; sourceTree = "<group>"; };
		F8BDF5F52040EE0500AE830A /* Extensions.swift */ = {isa = PBXFileReference; lastKnownFileType = sourcecode.swift; path = Extensions.swift; sourceTree = "<group>"; };
		F8BDF5F72040EE6700AE830A /* QuestionType.swift */ = {isa = PBXFileReference; lastKnownFileType = sourcecode.swift; path = QuestionType.swift; sourceTree = "<group>"; };
		F8BDF5F92040EE8B00AE830A /* SiteEncoding.swift */ = {isa = PBXFileReference; lastKnownFileType = sourcecode.swift; path = SiteEncoding.swift; sourceTree = "<group>"; };
		F8FB714D203B5304004F7787 /* Trivia Swift.app */ = {isa = PBXFileReference; explicitFileType = wrapper.application; includeInIndex = 0; path = "Trivia Swift.app"; sourceTree = BUILT_PRODUCTS_DIR; };
		F8FB7150203B5304004F7787 /* AppDelegate.swift */ = {isa = PBXFileReference; lastKnownFileType = sourcecode.swift; path = AppDelegate.swift; sourceTree = "<group>"; };
		F8FB7152203B5304004F7787 /* ViewController.swift */ = {isa = PBXFileReference; lastKnownFileType = sourcecode.swift; path = ViewController.swift; sourceTree = "<group>"; };
		F8FB7154203B5304004F7787 /* Assets.xcassets */ = {isa = PBXFileReference; lastKnownFileType = folder.assetcatalog; path = Assets.xcassets; sourceTree = "<group>"; };
		F8FB7157203B5304004F7787 /* Base */ = {isa = PBXFileReference; lastKnownFileType = file.storyboard; name = Base; path = Base.lproj/Main.storyboard; sourceTree = "<group>"; };
		F8FB7159203B5304004F7787 /* Info.plist */ = {isa = PBXFileReference; lastKnownFileType = text.plist.xml; path = Info.plist; sourceTree = "<group>"; };
		F8FB7161203B54BE004F7787 /* CircularStd-Bold.otf */ = {isa = PBXFileReference; lastKnownFileType = file; path = "CircularStd-Bold.otf"; sourceTree = "<group>"; };
		F8FB7162203B54BE004F7787 /* CircularStd-BookItalic.otf */ = {isa = PBXFileReference; lastKnownFileType = file; path = "CircularStd-BookItalic.otf"; sourceTree = "<group>"; };
		F8FB7163203B54BE004F7787 /* CircularStd-BoldItalic.otf */ = {isa = PBXFileReference; lastKnownFileType = file; path = "CircularStd-BoldItalic.otf"; sourceTree = "<group>"; };
		F8FB7164203B54BE004F7787 /* CircularStd-MediumItalic.otf */ = {isa = PBXFileReference; lastKnownFileType = file; path = "CircularStd-MediumItalic.otf"; sourceTree = "<group>"; };
		F8FB7165203B54BF004F7787 /* CircularStd-Book.otf */ = {isa = PBXFileReference; lastKnownFileType = file; path = "CircularStd-Book.otf"; sourceTree = "<group>"; };
		F8FB7166203B54BF004F7787 /* CircularStd-Medium.otf */ = {isa = PBXFileReference; lastKnownFileType = file; path = "CircularStd-Medium.otf"; sourceTree = "<group>"; };
		F8FB7167203B54BF004F7787 /* CircularStd-Black.otf */ = {isa = PBXFileReference; lastKnownFileType = file; path = "CircularStd-Black.otf"; sourceTree = "<group>"; };
		F8FB7168203B54BF004F7787 /* CircularStd-BlackItalic.otf */ = {isa = PBXFileReference; lastKnownFileType = file; path = "CircularStd-BlackItalic.otf"; sourceTree = "<group>"; };
/* End PBXFileReference section */

/* Begin PBXFrameworksBuildPhase section */
		3F51793B208A24DC0025AF9F /* Frameworks */ = {
			isa = PBXFrameworksBuildPhase;
			buildActionMask = 2147483647;
			files = (
				961DC0763B9F61D0BD0944EE /* Pods_Trivia_SwiftTests.framework in Frameworks */,
			);
			runOnlyForDeploymentPostprocessing = 0;
		};
		F8FB714A203B5304004F7787 /* Frameworks */ = {
			isa = PBXFrameworksBuildPhase;
			buildActionMask = 2147483647;
			files = (
				A136BCA7E651AF5877F6D0DA /* Pods_Trivia_Swift.framework in Frameworks */,
			);
			runOnlyForDeploymentPostprocessing = 0;
		};
/* End PBXFrameworksBuildPhase section */

/* Begin PBXGroup section */
		3F51793F208A24DC0025AF9F /* TriviaSwiftTests */ = {
			isa = PBXGroup;
			children = (
				3F517940208A24DC0025AF9F /* AnswerControllerTest.swift */,
				3F36C76F208A3321002A7D5C /* questions.json */,
				3F517942208A24DC0025AF9F /* Info.plist */,
				3F43614D209A46C500FB055F /* DiscordTriviaTest.swift */,
			);
			path = TriviaSwiftTests;
			sourceTree = "<group>";
		};
		3F6703312090C9F4002B1863 /* Discord */ = {
			isa = PBXGroup;
			children = (
				3F6703322090C9F4002B1863 /* Discord.swift */,
				3F6703332090C9F4002B1863 /* API */,
			);
			path = Discord;
			sourceTree = "<group>";
		};
		3F6703332090C9F4002B1863 /* API */ = {
			isa = PBXGroup;
			children = (
				3F6703342090C9F4002B1863 /* Messages */,
				3F6703392090C9F4002B1863 /* General */,
				3F67033B2090C9F4002B1863 /* WebSockets */,
				3F6703442090C9F4002B1863 /* Users */,
				3F6703472090C9F4002B1863 /* Utility */,
			);
			path = API;
			sourceTree = "<group>";
		};
		3F6703342090C9F4002B1863 /* Messages */ = {
			isa = PBXGroup;
			children = (
				3F6703352090C9F4002B1863 /* MessageModel.swift */,
				3F6703362090C9F4002B1863 /* EmbedsModel.swift */,
				3F6703372090C9F4002B1863 /* AttachmentModel.swift */,
				3F6703382090C9F4002B1863 /* SendMessageRequest.swift */,
			);
			path = Messages;
			sourceTree = "<group>";
		};
		3F6703392090C9F4002B1863 /* General */ = {
			isa = PBXGroup;
			children = (
				3F67033A2090C9F4002B1863 /* ChannelModel.swift */,
			);
			path = General;
			sourceTree = "<group>";
		};
		3F67033B2090C9F4002B1863 /* WebSockets */ = {
			isa = PBXGroup;
			children = (
				3F67033C2090C9F4002B1863 /* API */,
				3F6703432090C9F4002B1863 /* WebsocketAPIManager.swift */,
			);
			path = WebSockets;
			sourceTree = "<group>";
		};
		3F67033C2090C9F4002B1863 /* API */ = {
			isa = PBXGroup;
			children = (
				3F67033D2090C9F4002B1863 /* WebsocketHeartbeatModel.swift */,
				3F67033E2090C9F4002B1863 /* WebsocketHelloMessageModel.swift */,
				3F67033F2090C9F4002B1863 /* GatewayUrlRequest.swift */,
				3F6703402090C9F4002B1863 /* GatewayUrlResponseModel.swift */,
				3F6703412090C9F4002B1863 /* WebsocketReadyMessageModel.swift */,
				3F6703422090C9F4002B1863 /* WebsocketMessageModel.swift */,
			);
			path = API;
			sourceTree = "<group>";
		};
		3F6703442090C9F4002B1863 /* Users */ = {
			isa = PBXGroup;
			children = (
				3F6703452090C9F4002B1863 /* PrivateChannelRequest.swift */,
				3F6703462090C9F4002B1863 /* UserModel.swift */,
			);
			path = Users;
			sourceTree = "<group>";
		};
		3F6703472090C9F4002B1863 /* Utility */ = {
			isa = PBXGroup;
			children = (
				3F6703482090C9F4002B1863 /* Logger.swift */,
				3F6703492090C9F4002B1863 /* Registry.swift */,
				3F67034A2090C9F4002B1863 /* NSData+GZIP.swift */,
				3F67034B2090C9F4002B1863 /* MappableBase.swift */,
				3F67034C2090C9F4002B1863 /* URLEndpoints.swift */,
			);
			path = Utility;
			sourceTree = "<group>";
		};
		3FE9730A208E8605000E1FF2 /* Model */ = {
			isa = PBXGroup;
			children = (
				3F270605208A65AE00B37FB0 /* Question.swift */,
				3FE9730B208E8629000E1FF2 /* Answer.swift */,
			);
			path = Model;
			sourceTree = "<group>";
		};
		5194F208AE48B23DB6B0059C /* Frameworks */ = {
			isa = PBXGroup;
			children = (
				3F43614F209A693500FB055F /* SwiftyJSON.framework */,
				D7764F5B2C717ABF05877B41 /* Pods_HackQ.framework */,
				DE4348DCD222C5732227FC38 /* Pods_HackQTests.framework */,
				2BEA167DC77062C05E4BE85A /* Pods_Trivia_Swift.framework */,
				EF52B0205F599491E5FF6047 /* Pods_Trivia_SwiftTests.framework */,
			);
			name = Frameworks;
			sourceTree = "<group>";
		};
		C71ABCFF6401BFFACC1C45AA /* Pods */ = {
			isa = PBXGroup;
			children = (
				F396D168149D3C696E359D36 /* Pods-HackQ.release.xcconfig */,
				0DF8EE387063CBD65B76528D /* Pods-HackQ.debug.xcconfig */,
				B351C3B0B1D0B8940AE299FA /* Pods-HackQTests.debug.xcconfig */,
				9036D334BDDF2E542F97DD70 /* Pods-HackQTests.release.xcconfig */,
				53960ACAC39EEF9115820CAA /* Pods-Trivia Swift.debug.xcconfig */,
				2973B0ADE6F4BA1511AF3E41 /* Pods-Trivia Swift.release.xcconfig */,
				4DD5D30D910F2EBBDEF5F2E1 /* Pods-Trivia SwiftTests.debug.xcconfig */,
				77B6598654532BE3D99F6886 /* Pods-Trivia SwiftTests.release.xcconfig */,
			);
			name = Pods;
			sourceTree = "<group>";
		};
		F8FB7144203B5304004F7787 = {
			isa = PBXGroup;
			children = (
				F8FB714F203B5304004F7787 /* Trivia Swift */,
				3F51793F208A24DC0025AF9F /* TriviaSwiftTests */,
				F8FB714E203B5304004F7787 /* Products */,
				C71ABCFF6401BFFACC1C45AA /* Pods */,
				5194F208AE48B23DB6B0059C /* Frameworks */,
			);
			sourceTree = "<group>";
		};
		F8FB714E203B5304004F7787 /* Products */ = {
			isa = PBXGroup;
			children = (
				F8FB714D203B5304004F7787 /* Trivia Swift.app */,
				3F51793E208A24DC0025AF9F /* Trivia SwiftTests.xctest */,
			);
			name = Products;
			sourceTree = "<group>";
		};
		F8FB714F203B5304004F7787 /* Trivia Swift */ = {
			isa = PBXGroup;
			children = (
				3F6703312090C9F4002B1863 /* Discord */,
				3F8936A42093D0D5008C8719 /* DiscordTrivia.swift */,
				3FE9730A208E8605000E1FF2 /* Model */,
				F8FB7150203B5304004F7787 /* AppDelegate.swift */,
				3FD53030209FAF4F006BEF57 /* ChooseShowVC.swift */,
				3F4400FB209B8CD400A73938 /* DiscordShow.swift */,
				F8FB7152203B5304004F7787 /* ViewController.swift */,
				F86D1F74203BB5CE00D01A65 /* WindowController.swift */,
				F8BDF5EF2040ED8100AE830A /* Google.swift */,
				F8BDF5F12040ED9F00AE830A /* AnswerController.swift */,
				F8BDF5F52040EE0500AE830A /* Extensions.swift */,
				F8BDF5F72040EE6700AE830A /* QuestionType.swift */,
				F8BDF5F92040EE8B00AE830A /* SiteEncoding.swift */,
				F8FB7154203B5304004F7787 /* Assets.xcassets */,
				F8FB7156203B5304004F7787 /* Main.storyboard */,
				F8FB7159203B5304004F7787 /* Info.plist */,
				F8FB7160203B54B5004F7787 /* Fonts */,
				3F0C5CFB2080136000D030F4 /* Config.plist */,
				3F512830208236E400B79B1C /* Config-default.plist */,
			);
			path = "Trivia Swift";
			sourceTree = "<group>";
		};
		F8FB7160203B54B5004F7787 /* Fonts */ = {
			isa = PBXGroup;
			children = (
				F8FB7167203B54BF004F7787 /* CircularStd-Black.otf */,
				F8FB7168203B54BF004F7787 /* CircularStd-BlackItalic.otf */,
				F8FB7161203B54BE004F7787 /* CircularStd-Bold.otf */,
				F8FB7163203B54BE004F7787 /* CircularStd-BoldItalic.otf */,
				F8FB7165203B54BF004F7787 /* CircularStd-Book.otf */,
				F8FB7162203B54BE004F7787 /* CircularStd-BookItalic.otf */,
				F8FB7166203B54BF004F7787 /* CircularStd-Medium.otf */,
				F8FB7164203B54BE004F7787 /* CircularStd-MediumItalic.otf */,
			);
			path = Fonts;
			sourceTree = "<group>";
		};
/* End PBXGroup section */

/* Begin PBXNativeTarget section */
		3F51793D208A24DC0025AF9F /* Trivia SwiftTests */ = {
			isa = PBXNativeTarget;
			buildConfigurationList = 3F517947208A24DC0025AF9F /* Build configuration list for PBXNativeTarget "Trivia SwiftTests" */;
			buildPhases = (
				3519BDA9B18FCD91ABC34A15 /* [CP] Check Pods Manifest.lock */,
				3F51793A208A24DC0025AF9F /* Sources */,
				3F51793B208A24DC0025AF9F /* Frameworks */,
				3F51793C208A24DC0025AF9F /* Resources */,
				B3232CE9095783C7C7482968 /* [CP] Embed Pods Frameworks */,
			);
			buildRules = (
			);
			dependencies = (
				3F517944208A24DC0025AF9F /* PBXTargetDependency */,
			);
			name = "Trivia SwiftTests";
			productName = HackQTests;
			productReference = 3F51793E208A24DC0025AF9F /* Trivia SwiftTests.xctest */;
			productType = "com.apple.product-type.bundle.unit-test";
		};
		F8FB714C203B5304004F7787 /* Trivia Swift */ = {
			isa = PBXNativeTarget;
			buildConfigurationList = F8FB715D203B5304004F7787 /* Build configuration list for PBXNativeTarget "Trivia Swift" */;
			buildPhases = (
				7F71DFB1CA4888C92CF8F302 /* [CP] Check Pods Manifest.lock */,
				F8FB7149203B5304004F7787 /* Sources */,
				F8FB714A203B5304004F7787 /* Frameworks */,
				F8FB714B203B5304004F7787 /* Resources */,
				8E39A61C5DB09E3EF0402AE8 /* [CP] Embed Pods Frameworks */,
			);
			buildRules = (
			);
			dependencies = (
			);
			name = "Trivia Swift";
			productName = HackQ;
			productReference = F8FB714D203B5304004F7787 /* Trivia Swift.app */;
			productType = "com.apple.product-type.application";
		};
/* End PBXNativeTarget section */

/* Begin PBXProject section */
		F8FB7145203B5304004F7787 /* Project object */ = {
			isa = PBXProject;
			attributes = {
				LastSwiftUpdateCheck = 0930;
				LastUpgradeCheck = 0930;
				ORGANIZATIONNAME = "Gordon Jacobs";
				TargetAttributes = {
					3F51793D208A24DC0025AF9F = {
						CreatedOnToolsVersion = 9.3;
						ProvisioningStyle = Automatic;
						TestTargetID = F8FB714C203B5304004F7787;
					};
					F8FB714C203B5304004F7787 = {
						CreatedOnToolsVersion = 9.2;
						ProvisioningStyle = Automatic;
					};
				};
			};
			buildConfigurationList = F8FB7148203B5304004F7787 /* Build configuration list for PBXProject "Trivia Swift" */;
			compatibilityVersion = "Xcode 8.0";
			developmentRegion = en;
			hasScannedForEncodings = 0;
			knownRegions = (
				en,
				Base,
			);
			mainGroup = F8FB7144203B5304004F7787;
			productRefGroup = F8FB714E203B5304004F7787 /* Products */;
			projectDirPath = "";
			projectRoot = "";
			targets = (
				F8FB714C203B5304004F7787 /* Trivia Swift */,
				3F51793D208A24DC0025AF9F /* Trivia SwiftTests */,
			);
		};
/* End PBXProject section */

/* Begin PBXResourcesBuildPhase section */
		3F51793C208A24DC0025AF9F /* Resources */ = {
			isa = PBXResourcesBuildPhase;
			buildActionMask = 2147483647;
			files = (
				3FE9730F208EBF88000E1FF2 /* questions.json in Resources */,
			);
			runOnlyForDeploymentPostprocessing = 0;
		};
		F8FB714B203B5304004F7787 /* Resources */ = {
			isa = PBXResourcesBuildPhase;
			buildActionMask = 2147483647;
			files = (
				F8FB716B203B54BF004F7787 /* CircularStd-BoldItalic.otf in Resources */,
				F8FB716C203B54BF004F7787 /* CircularStd-MediumItalic.otf in Resources */,
				3FE9730E208EBF86000E1FF2 /* questions.json in Resources */,
				F8FB7155203B5304004F7787 /* Assets.xcassets in Resources */,
				F8FB716F203B54BF004F7787 /* CircularStd-Black.otf in Resources */,
				3F0C5CFC2080136000D030F4 /* Config.plist in Resources */,
				F8FB7170203B54BF004F7787 /* CircularStd-BlackItalic.otf in Resources */,
				F8FB716E203B54BF004F7787 /* CircularStd-Medium.otf in Resources */,
				F8FB716D203B54BF004F7787 /* CircularStd-Book.otf in Resources */,
				F8FB7169203B54BF004F7787 /* CircularStd-Bold.otf in Resources */,
				F8FB7158203B5304004F7787 /* Main.storyboard in Resources */,
				3F512831208236E400B79B1C /* Config-default.plist in Resources */,
				F8FB716A203B54BF004F7787 /* CircularStd-BookItalic.otf in Resources */,
			);
			runOnlyForDeploymentPostprocessing = 0;
		};
/* End PBXResourcesBuildPhase section */

/* Begin PBXShellScriptBuildPhase section */
		3519BDA9B18FCD91ABC34A15 /* [CP] Check Pods Manifest.lock */ = {
			isa = PBXShellScriptBuildPhase;
			buildActionMask = 2147483647;
			files = (
			);
			inputPaths = (
				"${PODS_PODFILE_DIR_PATH}/Podfile.lock",
				"${PODS_ROOT}/Manifest.lock",
			);
			name = "[CP] Check Pods Manifest.lock";
			outputPaths = (
				"$(DERIVED_FILE_DIR)/Pods-Trivia SwiftTests-checkManifestLockResult.txt",
			);
			runOnlyForDeploymentPostprocessing = 0;
			shellPath = /bin/sh;
			shellScript = "diff \"${PODS_PODFILE_DIR_PATH}/Podfile.lock\" \"${PODS_ROOT}/Manifest.lock\" > /dev/null\nif [ $? != 0 ] ; then\n    # print error to STDERR\n    echo \"error: The sandbox is not in sync with the Podfile.lock. Run 'pod install' or update your CocoaPods installation.\" >&2\n    exit 1\nfi\n# This output is used by Xcode 'outputs' to avoid re-running this script phase.\necho \"SUCCESS\" > \"${SCRIPT_OUTPUT_FILE_0}\"\n";
			showEnvVarsInLog = 0;
		};
		7F71DFB1CA4888C92CF8F302 /* [CP] Check Pods Manifest.lock */ = {
			isa = PBXShellScriptBuildPhase;
			buildActionMask = 2147483647;
			files = (
			);
			inputPaths = (
				"${PODS_PODFILE_DIR_PATH}/Podfile.lock",
				"${PODS_ROOT}/Manifest.lock",
			);
			name = "[CP] Check Pods Manifest.lock";
			outputPaths = (
				"$(DERIVED_FILE_DIR)/Pods-Trivia Swift-checkManifestLockResult.txt",
			);
			runOnlyForDeploymentPostprocessing = 0;
			shellPath = /bin/sh;
			shellScript = "diff \"${PODS_PODFILE_DIR_PATH}/Podfile.lock\" \"${PODS_ROOT}/Manifest.lock\" > /dev/null\nif [ $? != 0 ] ; then\n    # print error to STDERR\n    echo \"error: The sandbox is not in sync with the Podfile.lock. Run 'pod install' or update your CocoaPods installation.\" >&2\n    exit 1\nfi\n# This output is used by Xcode 'outputs' to avoid re-running this script phase.\necho \"SUCCESS\" > \"${SCRIPT_OUTPUT_FILE_0}\"\n";
			showEnvVarsInLog = 0;
		};
		8E39A61C5DB09E3EF0402AE8 /* [CP] Embed Pods Frameworks */ = {
			isa = PBXShellScriptBuildPhase;
			buildActionMask = 2147483647;
			files = (
			);
			inputPaths = (
				"${SRCROOT}/Pods/Target Support Files/Pods-Trivia Swift/Pods-Trivia Swift-frameworks.sh",
				"${BUILT_PRODUCTS_DIR}/Alamofire/Alamofire.framework",
				"${BUILT_PRODUCTS_DIR}/AlamofireObjectMapper/AlamofireObjectMapper.framework",
				"${BUILT_PRODUCTS_DIR}/KeychainSwift/KeychainSwift.framework",
				"${BUILT_PRODUCTS_DIR}/ObjectMapper/ObjectMapper.framework",
				"${BUILT_PRODUCTS_DIR}/Starscream/Starscream.framework",
				"${BUILT_PRODUCTS_DIR}/SwiftWebSocket/SwiftWebSocket.framework",
				"${BUILT_PRODUCTS_DIR}/SwiftyJSON/SwiftyJSON.framework",
			);
			name = "[CP] Embed Pods Frameworks";
			outputPaths = (
				"${TARGET_BUILD_DIR}/${FRAMEWORKS_FOLDER_PATH}/Alamofire.framework",
				"${TARGET_BUILD_DIR}/${FRAMEWORKS_FOLDER_PATH}/AlamofireObjectMapper.framework",
				"${TARGET_BUILD_DIR}/${FRAMEWORKS_FOLDER_PATH}/KeychainSwift.framework",
				"${TARGET_BUILD_DIR}/${FRAMEWORKS_FOLDER_PATH}/ObjectMapper.framework",
				"${TARGET_BUILD_DIR}/${FRAMEWORKS_FOLDER_PATH}/Starscream.framework",
				"${TARGET_BUILD_DIR}/${FRAMEWORKS_FOLDER_PATH}/SwiftWebSocket.framework",
				"${TARGET_BUILD_DIR}/${FRAMEWORKS_FOLDER_PATH}/SwiftyJSON.framework",
			);
			runOnlyForDeploymentPostprocessing = 0;
			shellPath = /bin/sh;
			shellScript = "\"${SRCROOT}/Pods/Target Support Files/Pods-Trivia Swift/Pods-Trivia Swift-frameworks.sh\"\n";
			showEnvVarsInLog = 0;
		};
		B3232CE9095783C7C7482968 /* [CP] Embed Pods Frameworks */ = {
			isa = PBXShellScriptBuildPhase;
			buildActionMask = 2147483647;
			files = (
			);
			inputPaths = (
				"${SRCROOT}/Pods/Target Support Files/Pods-Trivia SwiftTests/Pods-Trivia SwiftTests-frameworks.sh",
				"${BUILT_PRODUCTS_DIR}/Alamofire/Alamofire.framework",
				"${BUILT_PRODUCTS_DIR}/AlamofireObjectMapper/AlamofireObjectMapper.framework",
				"${BUILT_PRODUCTS_DIR}/KeychainSwift/KeychainSwift.framework",
				"${BUILT_PRODUCTS_DIR}/ObjectMapper/ObjectMapper.framework",
				"${BUILT_PRODUCTS_DIR}/Starscream/Starscream.framework",
				"${BUILT_PRODUCTS_DIR}/SwiftWebSocket/SwiftWebSocket.framework",
				"${BUILT_PRODUCTS_DIR}/SwiftyJSON/SwiftyJSON.framework",
			);
			name = "[CP] Embed Pods Frameworks";
			outputPaths = (
				"${TARGET_BUILD_DIR}/${FRAMEWORKS_FOLDER_PATH}/Alamofire.framework",
				"${TARGET_BUILD_DIR}/${FRAMEWORKS_FOLDER_PATH}/AlamofireObjectMapper.framework",
				"${TARGET_BUILD_DIR}/${FRAMEWORKS_FOLDER_PATH}/KeychainSwift.framework",
				"${TARGET_BUILD_DIR}/${FRAMEWORKS_FOLDER_PATH}/ObjectMapper.framework",
				"${TARGET_BUILD_DIR}/${FRAMEWORKS_FOLDER_PATH}/Starscream.framework",
				"${TARGET_BUILD_DIR}/${FRAMEWORKS_FOLDER_PATH}/SwiftWebSocket.framework",
				"${TARGET_BUILD_DIR}/${FRAMEWORKS_FOLDER_PATH}/SwiftyJSON.framework",
			);
			runOnlyForDeploymentPostprocessing = 0;
			shellPath = /bin/sh;
			shellScript = "\"${SRCROOT}/Pods/Target Support Files/Pods-Trivia SwiftTests/Pods-Trivia SwiftTests-frameworks.sh\"\n";
			showEnvVarsInLog = 0;
		};
/* End PBXShellScriptBuildPhase section */

/* Begin PBXSourcesBuildPhase section */
		3F51793A208A24DC0025AF9F /* Sources */ = {
			isa = PBXSourcesBuildPhase;
			buildActionMask = 2147483647;
			files = (
				3F517941208A24DC0025AF9F /* AnswerControllerTest.swift in Sources */,
				3F436152209A734C00FB055F /* Question.swift in Sources */,
				3F67034E2090C9F4002B1863 /* Discord.swift in Sources */,
				3F6703542090C9F4002B1863 /* AttachmentModel.swift in Sources */,
				3F51794C208A25C20025AF9F /* Extensions.swift in Sources */,
				3F6703622090C9F4002B1863 /* WebsocketReadyMessageModel.swift in Sources */,
				3F51794B208A25BC0025AF9F /* SiteEncoding.swift in Sources */,
				3F517949208A25B50025AF9F /* Google.swift in Sources */,
				3F67036C2090C9F4002B1863 /* Logger.swift in Sources */,
				3F6703642090C9F4002B1863 /* WebsocketMessageModel.swift in Sources */,
				3F436151209A733600FB055F /* ViewController.swift in Sources */,
				3F67036A2090C9F4002B1863 /* UserModel.swift in Sources */,
				3F6703502090C9F4002B1863 /* MessageModel.swift in Sources */,
				3F6703662090C9F4002B1863 /* WebsocketAPIManager.swift in Sources */,
				3F6703742090C9F4002B1863 /* URLEndpoints.swift in Sources */,
				3F51794D208A25C90025AF9F /* AppDelegate.swift in Sources */,
				3F67035C2090C9F4002B1863 /* WebsocketHelloMessageModel.swift in Sources */,
				3F6703602090C9F4002B1863 /* GatewayUrlResponseModel.swift in Sources */,
				3F517948208A25B00025AF9F /* AnswerController.swift in Sources */,
				3F51794A208A25B90025AF9F /* QuestionType.swift in Sources */,
				3F67035A2090C9F4002B1863 /* WebsocketHeartbeatModel.swift in Sources */,
				3F43614E209A46C500FB055F /* DiscordTriviaTest.swift in Sources */,
				3F6703702090C9F4002B1863 /* NSData+GZIP.swift in Sources */,
				3F6703722090C9F4002B1863 /* MappableBase.swift in Sources */,
				3F6703522090C9F4002B1863 /* EmbedsModel.swift in Sources */,
				3F8936A62093D0D5008C8719 /* DiscordTrivia.swift in Sources */,
				3F6703682090C9F4002B1863 /* PrivateChannelRequest.swift in Sources */,
				3F6703562090C9F4002B1863 /* SendMessageRequest.swift in Sources */,
				3F67036E2090C9F4002B1863 /* Registry.swift in Sources */,
				3FE9730D208E8629000E1FF2 /* Answer.swift in Sources */,
				3F67035E2090C9F4002B1863 /* GatewayUrlRequest.swift in Sources */,
				3F6703582090C9F4002B1863 /* ChannelModel.swift in Sources */,
			);
			runOnlyForDeploymentPostprocessing = 0;
		};
		F8FB7149203B5304004F7787 /* Sources */ = {
			isa = PBXSourcesBuildPhase;
			buildActionMask = 2147483647;
			files = (
				3F67036F2090C9F4002B1863 /* NSData+GZIP.swift in Sources */,
				3F6703532090C9F4002B1863 /* AttachmentModel.swift in Sources */,
				F8BDF5F02040ED8100AE830A /* Google.swift in Sources */,
				3F67035B2090C9F4002B1863 /* WebsocketHelloMessageModel.swift in Sources */,
				3F4400FC209B8CD400A73938 /* DiscordShow.swift in Sources */,
				F8BDF5FA2040EE8B00AE830A /* SiteEncoding.swift in Sources */,
				3F67034D2090C9F4002B1863 /* Discord.swift in Sources */,
				3F6703632090C9F4002B1863 /* WebsocketMessageModel.swift in Sources */,
				3F6703592090C9F4002B1863 /* WebsocketHeartbeatModel.swift in Sources */,
				F8BDF5F82040EE6700AE830A /* QuestionType.swift in Sources */,
				3F6703692090C9F4002B1863 /* UserModel.swift in Sources */,
				3F67036B2090C9F4002B1863 /* Logger.swift in Sources */,
				3F270606208A65AE00B37FB0 /* Question.swift in Sources */,
				3F6703712090C9F4002B1863 /* MappableBase.swift in Sources */,
				3F67036D2090C9F4002B1863 /* Registry.swift in Sources */,
				F8BDF5F62040EE0500AE830A /* Extensions.swift in Sources */,
				3F6703572090C9F4002B1863 /* ChannelModel.swift in Sources */,
				3F6703672090C9F4002B1863 /* PrivateChannelRequest.swift in Sources */,
				3F6703652090C9F4002B1863 /* WebsocketAPIManager.swift in Sources */,
				3F67035D2090C9F4002B1863 /* GatewayUrlRequest.swift in Sources */,
				F8FB7153203B5304004F7787 /* ViewController.swift in Sources */,
				3F8936A52093D0D5008C8719 /* DiscordTrivia.swift in Sources */,
				3F67034F2090C9F4002B1863 /* MessageModel.swift in Sources */,
				F86D1F75203BB5CE00D01A65 /* WindowController.swift in Sources */,
				3F6703612090C9F4002B1863 /* WebsocketReadyMessageModel.swift in Sources */,
				3F6703552090C9F4002B1863 /* SendMessageRequest.swift in Sources */,
				3FE9730C208E8629000E1FF2 /* Answer.swift in Sources */,
				F8FB7151203B5304004F7787 /* AppDelegate.swift in Sources */,
				3F6703732090C9F4002B1863 /* URLEndpoints.swift in Sources */,
				3F67035F2090C9F4002B1863 /* GatewayUrlResponseModel.swift in Sources */,
				3F6703512090C9F4002B1863 /* EmbedsModel.swift in Sources */,
				F8BDF5F22040ED9F00AE830A /* AnswerController.swift in Sources */,
				3FD53031209FAF4F006BEF57 /* ChooseShowVC.swift in Sources */,
			);
			runOnlyForDeploymentPostprocessing = 0;
		};
/* End PBXSourcesBuildPhase section */

/* Begin PBXTargetDependency section */
		3F517944208A24DC0025AF9F /* PBXTargetDependency */ = {
			isa = PBXTargetDependency;
			target = F8FB714C203B5304004F7787 /* Trivia Swift */;
			targetProxy = 3F517943208A24DC0025AF9F /* PBXContainerItemProxy */;
		};
/* End PBXTargetDependency section */

/* Begin PBXVariantGroup section */
		F8FB7156203B5304004F7787 /* Main.storyboard */ = {
			isa = PBXVariantGroup;
			children = (
				F8FB7157203B5304004F7787 /* Base */,
			);
			name = Main.storyboard;
			sourceTree = "<group>";
		};
/* End PBXVariantGroup section */

/* Begin XCBuildConfiguration section */
		3F517945208A24DC0025AF9F /* Debug */ = {
			isa = XCBuildConfiguration;
			baseConfigurationReference = 4DD5D30D910F2EBBDEF5F2E1 /* Pods-Trivia SwiftTests.debug.xcconfig */;
			buildSettings = {
				BUNDLE_LOADER = "$(TEST_HOST)";
				CLANG_ENABLE_OBJC_WEAK = YES;
				CODE_SIGN_STYLE = Automatic;
				COMBINE_HIDPI_IMAGES = YES;
				DEVELOPMENT_TEAM = 6RM7QM2XP8;
				INFOPLIST_FILE = TriviaSwiftTests/Info.plist;
				LD_RUNPATH_SEARCH_PATHS = "$(inherited) @executable_path/../Frameworks @loader_path/../Frameworks";
				PRODUCT_BUNDLE_IDENTIFIER = com.ninovitale.TriviaSwiftTests;
				PRODUCT_NAME = "$(TARGET_NAME)";
				SWIFT_VERSION = 4.0;
				TEST_HOST = "$(BUILT_PRODUCTS_DIR)/Trivia Swift.app/Contents/MacOS/Trivia Swift";
			};
			name = Debug;
		};
		3F517946208A24DC0025AF9F /* Release */ = {
			isa = XCBuildConfiguration;
			baseConfigurationReference = 77B6598654532BE3D99F6886 /* Pods-Trivia SwiftTests.release.xcconfig */;
			buildSettings = {
				BUNDLE_LOADER = "$(TEST_HOST)";
				CLANG_ENABLE_OBJC_WEAK = YES;
				CODE_SIGN_STYLE = Automatic;
				COMBINE_HIDPI_IMAGES = YES;
				DEVELOPMENT_TEAM = 6RM7QM2XP8;
				INFOPLIST_FILE = TriviaSwiftTests/Info.plist;
				LD_RUNPATH_SEARCH_PATHS = "$(inherited) @executable_path/../Frameworks @loader_path/../Frameworks";
				PRODUCT_BUNDLE_IDENTIFIER = com.ninovitale.TriviaSwiftTests;
				PRODUCT_NAME = "$(TARGET_NAME)";
				SWIFT_VERSION = 4.0;
				TEST_HOST = "$(BUILT_PRODUCTS_DIR)/Trivia Swift.app/Contents/MacOS/Trivia Swift";
			};
			name = Release;
		};
		F8FB715B203B5304004F7787 /* Debug */ = {
			isa = XCBuildConfiguration;
			buildSettings = {
				ALWAYS_SEARCH_USER_PATHS = NO;
				CLANG_ANALYZER_NONNULL = YES;
				CLANG_ANALYZER_NUMBER_OBJECT_CONVERSION = YES_AGGRESSIVE;
				CLANG_CXX_LANGUAGE_STANDARD = "gnu++14";
				CLANG_CXX_LIBRARY = "libc++";
				CLANG_ENABLE_MODULES = YES;
				CLANG_ENABLE_OBJC_ARC = YES;
				CLANG_WARN_BLOCK_CAPTURE_AUTORELEASING = YES;
				CLANG_WARN_BOOL_CONVERSION = YES;
				CLANG_WARN_COMMA = YES;
				CLANG_WARN_CONSTANT_CONVERSION = YES;
				CLANG_WARN_DEPRECATED_OBJC_IMPLEMENTATIONS = YES;
				CLANG_WARN_DIRECT_OBJC_ISA_USAGE = YES_ERROR;
				CLANG_WARN_DOCUMENTATION_COMMENTS = YES;
				CLANG_WARN_EMPTY_BODY = YES;
				CLANG_WARN_ENUM_CONVERSION = YES;
				CLANG_WARN_INFINITE_RECURSION = YES;
				CLANG_WARN_INT_CONVERSION = YES;
				CLANG_WARN_NON_LITERAL_NULL_CONVERSION = YES;
				CLANG_WARN_OBJC_IMPLICIT_RETAIN_SELF = YES;
				CLANG_WARN_OBJC_LITERAL_CONVERSION = YES;
				CLANG_WARN_OBJC_ROOT_CLASS = YES_ERROR;
				CLANG_WARN_RANGE_LOOP_ANALYSIS = YES;
				CLANG_WARN_STRICT_PROTOTYPES = YES;
				CLANG_WARN_SUSPICIOUS_MOVE = YES;
				CLANG_WARN_UNGUARDED_AVAILABILITY = YES_AGGRESSIVE;
				CLANG_WARN_UNREACHABLE_CODE = YES;
				CLANG_WARN__DUPLICATE_METHOD_MATCH = YES;
				CODE_SIGN_IDENTITY = "Mac Developer";
				COPY_PHASE_STRIP = NO;
				DEBUG_INFORMATION_FORMAT = dwarf;
				DEFINES_MODULE = YES;
				ENABLE_STRICT_OBJC_MSGSEND = YES;
				ENABLE_TESTABILITY = YES;
				GCC_C_LANGUAGE_STANDARD = gnu11;
				GCC_DYNAMIC_NO_PIC = NO;
				GCC_NO_COMMON_BLOCKS = YES;
				GCC_OPTIMIZATION_LEVEL = 0;
				GCC_PREPROCESSOR_DEFINITIONS = (
					"DEBUG=1",
					"$(inherited)",
				);
				GCC_WARN_64_TO_32_BIT_CONVERSION = YES;
				GCC_WARN_ABOUT_RETURN_TYPE = YES_ERROR;
				GCC_WARN_UNDECLARED_SELECTOR = YES;
				GCC_WARN_UNINITIALIZED_AUTOS = YES_AGGRESSIVE;
				GCC_WARN_UNUSED_FUNCTION = YES;
				GCC_WARN_UNUSED_VARIABLE = YES;
				MACOSX_DEPLOYMENT_TARGET = 10.13;
				MTL_ENABLE_DEBUG_INFO = YES;
				ONLY_ACTIVE_ARCH = YES;
				SDKROOT = macosx;
				SWIFT_ACTIVE_COMPILATION_CONDITIONS = DEBUG;
				SWIFT_OPTIMIZATION_LEVEL = "-Onone";
			};
			name = Debug;
		};
		F8FB715C203B5304004F7787 /* Release */ = {
			isa = XCBuildConfiguration;
			buildSettings = {
				ALWAYS_SEARCH_USER_PATHS = NO;
				CLANG_ANALYZER_NONNULL = YES;
				CLANG_ANALYZER_NUMBER_OBJECT_CONVERSION = YES_AGGRESSIVE;
				CLANG_CXX_LANGUAGE_STANDARD = "gnu++14";
				CLANG_CXX_LIBRARY = "libc++";
				CLANG_ENABLE_MODULES = YES;
				CLANG_ENABLE_OBJC_ARC = YES;
				CLANG_WARN_BLOCK_CAPTURE_AUTORELEASING = YES;
				CLANG_WARN_BOOL_CONVERSION = YES;
				CLANG_WARN_COMMA = YES;
				CLANG_WARN_CONSTANT_CONVERSION = YES;
				CLANG_WARN_DEPRECATED_OBJC_IMPLEMENTATIONS = YES;
				CLANG_WARN_DIRECT_OBJC_ISA_USAGE = YES_ERROR;
				CLANG_WARN_DOCUMENTATION_COMMENTS = YES;
				CLANG_WARN_EMPTY_BODY = YES;
				CLANG_WARN_ENUM_CONVERSION = YES;
				CLANG_WARN_INFINITE_RECURSION = YES;
				CLANG_WARN_INT_CONVERSION = YES;
				CLANG_WARN_NON_LITERAL_NULL_CONVERSION = YES;
				CLANG_WARN_OBJC_IMPLICIT_RETAIN_SELF = YES;
				CLANG_WARN_OBJC_LITERAL_CONVERSION = YES;
				CLANG_WARN_OBJC_ROOT_CLASS = YES_ERROR;
				CLANG_WARN_RANGE_LOOP_ANALYSIS = YES;
				CLANG_WARN_STRICT_PROTOTYPES = YES;
				CLANG_WARN_SUSPICIOUS_MOVE = YES;
				CLANG_WARN_UNGUARDED_AVAILABILITY = YES_AGGRESSIVE;
				CLANG_WARN_UNREACHABLE_CODE = YES;
				CLANG_WARN__DUPLICATE_METHOD_MATCH = YES;
				CODE_SIGN_IDENTITY = "Mac Developer";
				COPY_PHASE_STRIP = NO;
				DEBUG_INFORMATION_FORMAT = "dwarf-with-dsym";
				DEFINES_MODULE = YES;
				ENABLE_NS_ASSERTIONS = NO;
				ENABLE_STRICT_OBJC_MSGSEND = YES;
				GCC_C_LANGUAGE_STANDARD = gnu11;
				GCC_NO_COMMON_BLOCKS = YES;
				GCC_WARN_64_TO_32_BIT_CONVERSION = YES;
				GCC_WARN_ABOUT_RETURN_TYPE = YES_ERROR;
				GCC_WARN_UNDECLARED_SELECTOR = YES;
				GCC_WARN_UNINITIALIZED_AUTOS = YES_AGGRESSIVE;
				GCC_WARN_UNUSED_FUNCTION = YES;
				GCC_WARN_UNUSED_VARIABLE = YES;
				MACOSX_DEPLOYMENT_TARGET = 10.13;
				MTL_ENABLE_DEBUG_INFO = NO;
				SDKROOT = macosx;
				SWIFT_OPTIMIZATION_LEVEL = "-Owholemodule";
			};
			name = Release;
		};
		F8FB715E203B5304004F7787 /* Debug */ = {
			isa = XCBuildConfiguration;
			baseConfigurationReference = 53960ACAC39EEF9115820CAA /* Pods-Trivia Swift.debug.xcconfig */;
			buildSettings = {
				ASSETCATALOG_COMPILER_APPICON_NAME = AppIcon;
				CODE_SIGN_STYLE = Automatic;
				COMBINE_HIDPI_IMAGES = YES;
				DEVELOPMENT_TEAM = 6RM7QM2XP8;
				INFOPLIST_FILE = "Trivia Swift/Info.plist";
				LD_RUNPATH_SEARCH_PATHS = "$(inherited) @executable_path/../Frameworks";
				PRODUCT_BUNDLE_IDENTIFIER = com.ninovitale.TriviaSwift;
				PRODUCT_NAME = "$(TARGET_NAME)";
				SWIFT_VERSION = 4.0;
			};
			name = Debug;
		};
		F8FB715F203B5304004F7787 /* Release */ = {
			isa = XCBuildConfiguration;
			baseConfigurationReference = 2973B0ADE6F4BA1511AF3E41 /* Pods-Trivia Swift.release.xcconfig */;
			buildSettings = {
				ASSETCATALOG_COMPILER_APPICON_NAME = AppIcon;
				CODE_SIGN_STYLE = Automatic;
				COMBINE_HIDPI_IMAGES = YES;
				DEVELOPMENT_TEAM = 6RM7QM2XP8;
				INFOPLIST_FILE = "Trivia Swift/Info.plist";
				LD_RUNPATH_SEARCH_PATHS = "$(inherited) @executable_path/../Frameworks";
				PRODUCT_BUNDLE_IDENTIFIER = com.ninovitale.TriviaSwift;
				PRODUCT_NAME = "$(TARGET_NAME)";
				SWIFT_VERSION = 4.0;
			};
			name = Release;
		};
/* End XCBuildConfiguration section */

/* Begin XCConfigurationList section */
		3F517947208A24DC0025AF9F /* Build configuration list for PBXNativeTarget "Trivia SwiftTests" */ = {
			isa = XCConfigurationList;
			buildConfigurations = (
				3F517945208A24DC0025AF9F /* Debug */,
				3F517946208A24DC0025AF9F /* Release */,
			);
			defaultConfigurationIsVisible = 0;
			defaultConfigurationName = Release;
		};
		F8FB7148203B5304004F7787 /* Build configuration list for PBXProject "Trivia Swift" */ = {
			isa = XCConfigurationList;
			buildConfigurations = (
				F8FB715B203B5304004F7787 /* Debug */,
				F8FB715C203B5304004F7787 /* Release */,
			);
			defaultConfigurationIsVisible = 0;
			defaultConfigurationName = Release;
		};
		F8FB715D203B5304004F7787 /* Build configuration list for PBXNativeTarget "Trivia Swift" */ = {
			isa = XCConfigurationList;
			buildConfigurations = (
				F8FB715E203B5304004F7787 /* Debug */,
				F8FB715F203B5304004F7787 /* Release */,
			);
			defaultConfigurationIsVisible = 0;
			defaultConfigurationName = Release;
		};
/* End XCConfigurationList section */
	};
	rootObject = F8FB7145203B5304004F7787 /* Project object */;
}
